
Microsoft Visual Studio Solution File, Format Version 12.00
# Visual Studio Version 16
VisualStudioVersion = 16.0.33423.256
MinimumVisualStudioVersion = 10.0.40219.1
Project("{9A19103F-16F7-4668-BE54-9A1E7A4F7556}") = "OVU03_RTSM", "OVU03_RTSM.csproj", "{4396E4DF-84E7-40D8-894D-DEF49877456B}"
EndProject
Global
	GlobalSection(SolutionConfigurationPlatforms) = preSolution
		Debug|Any CPU = Debug|Any CPU
		Release|Any CPU = Release|Any CPU
	EndGlobalSection
	GlobalSection(ProjectConfigurationPlatforms) = postSolution
		{4396E4DF-84E7-40D8-894D-DEF49877456B}.Debug|Any CPU.ActiveCfg = Debug|Any CPU
		{4396E4DF-84E7-40D8-894D-DEF49877456B}.Debug|Any CPU.Build.0 = Debug|Any CPU
		{4396E4DF-84E7-40D8-894D-DEF49877456B}.Release|Any CPU.ActiveCfg = Release|Any CPU
		{4396E4DF-84E7-40D8-894D-DEF49877456B}.Release|Any CPU.Build.0 = Release|Any CPU
	EndGlobalSection
	GlobalSection(SolutionProperties) = preSolution
		HideSolutionNode = FALSE
	EndGlobalSection
	GlobalSection(ExtensibilityGlobals) = postSolution
		SolutionGuid = {8FF3DB53-94EA-4939-8564-CAE7B2C23CCC}
	EndGlobalSection
EndGlobal
